
Microsoft Visual Studio Solution File, Format Version 12.00
# Visual Studio Version 17
VisualStudioVersion = 17.8.34330.188
MinimumVisualStudioVersion = 10.0.40219.1
Project("{FAE04EC0-301F-11D3-BF4B-00C04F79EFBC}") = "SpecFlowProject1", "SpecFlowProject1.csproj", "{84100E16-6E88-4159-952C-57C4DBF93697}"
EndProject
Global
	GlobalSection(SolutionConfigurationPlatforms) = preSolution
		Debug|Any CPU = Debug|Any CPU
		Release|Any CPU = Release|Any CPU
	EndGlobalSection
	GlobalSection(ProjectConfigurationPlatforms) = postSolution
		{84100E16-6E88-4159-952C-57C4DBF93697}.Debug|Any CPU.ActiveCfg = Debug|Any CPU
		{84100E16-6E88-4159-952C-57C4DBF93697}.Debug|Any CPU.Build.0 = Debug|Any CPU
		{84100E16-6E88-4159-952C-57C4DBF93697}.Release|Any CPU.ActiveCfg = Release|Any CPU
		{84100E16-6E88-4159-952C-57C4DBF93697}.Release|Any CPU.Build.0 = Release|Any CPU
	EndGlobalSection
	GlobalSection(SolutionProperties) = preSolution
		HideSolutionNode = FALSE
	EndGlobalSection
	GlobalSection(ExtensibilityGlobals) = postSolution
		SolutionGuid = {08E85B40-A999-4D6B-B22D-14C9019909A2}
	EndGlobalSection
EndGlobal
